
Microsoft Visual Studio Solution File, Format Version 12.00
# Visual Studio Version 17
VisualStudioVersion = 17.11.35431.28
MinimumVisualStudioVersion = 10.0.40219.1
Project("{9A19103F-16F7-4668-BE54-9A1E7A4F7556}") = "GoldenRaspberryAwards.Api", "GoldenRaspberryAwards.Api\GoldenRaspberryAwards.Api.csproj", "{BF5CF48B-5455-48C6-A712-14652DF460DF}"
EndProject
Project("{FAE04EC0-301F-11D3-BF4B-00C04F79EFBC}") = "GoldenRaspberryAwards.Tests", "GoldenRaspberryAwards.Tests\GoldenRaspberryAwards.Tests.csproj", "{4AA7EE96-A7C0-4010-BD28-22833828DFB8}"
EndProject
Global
	GlobalSection(SolutionConfigurationPlatforms) = preSolution
		Debug|Any CPU = Debug|Any CPU
		Release|Any CPU = Release|Any CPU
	EndGlobalSection
	GlobalSection(ProjectConfigurationPlatforms) = postSolution
		{BF5CF48B-5455-48C6-A712-14652DF460DF}.Debug|Any CPU.ActiveCfg = Debug|Any CPU
		{BF5CF48B-5455-48C6-A712-14652DF460DF}.Debug|Any CPU.Build.0 = Debug|Any CPU
		{BF5CF48B-5455-48C6-A712-14652DF460DF}.Release|Any CPU.ActiveCfg = Release|Any CPU
		{BF5CF48B-5455-48C6-A712-14652DF460DF}.Release|Any CPU.Build.0 = Release|Any CPU
		{4AA7EE96-A7C0-4010-BD28-22833828DFB8}.Debug|Any CPU.ActiveCfg = Debug|Any CPU
		{4AA7EE96-A7C0-4010-BD28-22833828DFB8}.Debug|Any CPU.Build.0 = Debug|Any CPU
		{4AA7EE96-A7C0-4010-BD28-22833828DFB8}.Release|Any CPU.ActiveCfg = Release|Any CPU
		{4AA7EE96-A7C0-4010-BD28-22833828DFB8}.Release|Any CPU.Build.0 = Release|Any CPU
	EndGlobalSection
	GlobalSection(SolutionProperties) = preSolution
		HideSolutionNode = FALSE
	EndGlobalSection
	GlobalSection(ExtensibilityGlobals) = postSolution
		SolutionGuid = {6482EFB4-4889-47AF-82A1-55EFDE1A5E83}
	EndGlobalSection
EndGlobal
